
Microsoft Visual Studio Solution File, Format Version 12.00
# Visual Studio 15
VisualStudioVersion = 15.0.26730.3
MinimumVisualStudioVersion = 10.0.40219.1
Project("{FAE04EC0-301F-11D3-BF4B-00C04F79EFBC}") = "Forecaster", "Forecaster\Forecaster.csproj", "{AEC540EA-EF7D-487E-8D84-75672BD48042}"
EndProject
Project("{FAE04EC0-301F-11D3-BF4B-00C04F79EFBC}") = "OpenWeatherMapClient", "OpenWeatherMapClient\OpenWeatherMapClient.csproj", "{24596B59-99DE-4024-A69F-D1288C97B7A4}"
EndProject
Global
	GlobalSection(SolutionConfigurationPlatforms) = preSolution
		Debug|Any CPU = Debug|Any CPU
		Release|Any CPU = Release|Any CPU
	EndGlobalSection
	GlobalSection(ProjectConfigurationPlatforms) = postSolution
		{AEC540EA-EF7D-487E-8D84-75672BD48042}.Debug|Any CPU.ActiveCfg = Debug|Any CPU
		{AEC540EA-EF7D-487E-8D84-75672BD48042}.Debug|Any CPU.Build.0 = Debug|Any CPU
		{AEC540EA-EF7D-487E-8D84-75672BD48042}.Release|Any CPU.ActiveCfg = Release|Any CPU
		{AEC540EA-EF7D-487E-8D84-75672BD48042}.Release|Any CPU.Build.0 = Release|Any CPU
		{24596B59-99DE-4024-A69F-D1288C97B7A4}.Debug|Any CPU.ActiveCfg = Debug|Any CPU
		{24596B59-99DE-4024-A69F-D1288C97B7A4}.Debug|Any CPU.Build.0 = Debug|Any CPU
		{24596B59-99DE-4024-A69F-D1288C97B7A4}.Release|Any CPU.ActiveCfg = Release|Any CPU
		{24596B59-99DE-4024-A69F-D1288C97B7A4}.Release|Any CPU.Build.0 = Release|Any CPU
	EndGlobalSection
	GlobalSection(SolutionProperties) = preSolution
		HideSolutionNode = FALSE
	EndGlobalSection
	GlobalSection(ExtensibilityGlobals) = postSolution
		SolutionGuid = {52ABD9FD-8DA0-40BD-BD82-1F6BBED8CD3F}
	EndGlobalSection
EndGlobal
